
Microsoft Visual Studio Solution File, Format Version 12.00
# Visual Studio Version 16
VisualStudioVersion = 16.0.30114.105
MinimumVisualStudioVersion = 10.0.40219.1
Project("{FAE04EC0-301F-11D3-BF4B-00C04F79EFBC}") = "CpUpES2-Decrypt", "CpUpES2-Decrypt\CpUpES2-Decrypt.csproj", "{82E64B8F-936A-4880-B2EF-29F826635D16}"
EndProject
Global
	GlobalSection(SolutionConfigurationPlatforms) = preSolution
		Debug|Any CPU = Debug|Any CPU
		Release|Any CPU = Release|Any CPU
	EndGlobalSection
	GlobalSection(ProjectConfigurationPlatforms) = postSolution
		{82E64B8F-936A-4880-B2EF-29F826635D16}.Debug|Any CPU.ActiveCfg = Debug|Any CPU
		{82E64B8F-936A-4880-B2EF-29F826635D16}.Debug|Any CPU.Build.0 = Debug|Any CPU
		{82E64B8F-936A-4880-B2EF-29F826635D16}.Release|Any CPU.ActiveCfg = Release|Any CPU
		{82E64B8F-936A-4880-B2EF-29F826635D16}.Release|Any CPU.Build.0 = Release|Any CPU
	EndGlobalSection
	GlobalSection(SolutionProperties) = preSolution
		HideSolutionNode = FALSE
	EndGlobalSection
	GlobalSection(ExtensibilityGlobals) = postSolution
		SolutionGuid = {6FB3887A-8432-439F-9F38-02631DC24297}
	EndGlobalSection
EndGlobal
